
Microsoft Visual Studio Solution File, Format Version 12.00
# Visual Studio Version 16
VisualStudioVersion = 16.0.29911.84
MinimumVisualStudioVersion = 10.0.40219.1
Project("{9A19103F-16F7-4668-BE54-9A1E7A4F7556}") = "TransactionService", "TransactionService\TransactionService.csproj", "{2872E27E-CE89-46D5-AD0F-8D45783A6E54}"
EndProject
Project("{9A19103F-16F7-4668-BE54-9A1E7A4F7556}") = "TransactionService.BLL", "TransactionService.BLL\TransactionService.BLL.csproj", "{90A8469D-6002-4508-B19B-6F21676CCA07}"
EndProject
Project("{9A19103F-16F7-4668-BE54-9A1E7A4F7556}") = "TransactionService.DAL", "TransactionService.DAL\TransactionService.DAL.csproj", "{B2431F9E-987B-43E3-A299-477FA29F5C3C}"
EndProject
Global
	GlobalSection(SolutionConfigurationPlatforms) = preSolution
		Debug|Any CPU = Debug|Any CPU
		Release|Any CPU = Release|Any CPU
	EndGlobalSection
	GlobalSection(ProjectConfigurationPlatforms) = postSolution
		{2872E27E-CE89-46D5-AD0F-8D45783A6E54}.Debug|Any CPU.ActiveCfg = Debug|Any CPU
		{2872E27E-CE89-46D5-AD0F-8D45783A6E54}.Debug|Any CPU.Build.0 = Debug|Any CPU
		{2872E27E-CE89-46D5-AD0F-8D45783A6E54}.Release|Any CPU.ActiveCfg = Release|Any CPU
		{2872E27E-CE89-46D5-AD0F-8D45783A6E54}.Release|Any CPU.Build.0 = Release|Any CPU
		{90A8469D-6002-4508-B19B-6F21676CCA07}.Debug|Any CPU.ActiveCfg = Debug|Any CPU
		{90A8469D-6002-4508-B19B-6F21676CCA07}.Debug|Any CPU.Build.0 = Debug|Any CPU
		{90A8469D-6002-4508-B19B-6F21676CCA07}.Release|Any CPU.ActiveCfg = Release|Any CPU
		{90A8469D-6002-4508-B19B-6F21676CCA07}.Release|Any CPU.Build.0 = Release|Any CPU
		{B2431F9E-987B-43E3-A299-477FA29F5C3C}.Debug|Any CPU.ActiveCfg = Debug|Any CPU
		{B2431F9E-987B-43E3-A299-477FA29F5C3C}.Debug|Any CPU.Build.0 = Debug|Any CPU
		{B2431F9E-987B-43E3-A299-477FA29F5C3C}.Release|Any CPU.ActiveCfg = Release|Any CPU
		{B2431F9E-987B-43E3-A299-477FA29F5C3C}.Release|Any CPU.Build.0 = Release|Any CPU
	EndGlobalSection
	GlobalSection(SolutionProperties) = preSolution
		HideSolutionNode = FALSE
	EndGlobalSection
	GlobalSection(ExtensibilityGlobals) = postSolution
		SolutionGuid = {5A5B3D09-F6D5-4462-BC84-84931B032992}
	EndGlobalSection
EndGlobal
